# THIS IS AN AUTOGENERATED FILE. DO NOT EDIT THIS FILE DIRECTLY.
# yarn lockfile v1


"@babel/generator@^7.10.2":
  version "7.10.2"
  resolved "https://registry.yarnpkg.com/@babel/generator/-/generator-7.10.2.tgz#0fa5b5b2389db8bfdfcc3492b551ee20f5dd69a9"
  integrity sha512-AxfBNHNu99DTMvlUPlt1h2+Hn7knPpH5ayJ8OqDWSeLld+Fi2AYBTC/IejWDM9Edcii4UzZRCsbUt0WlSDsDsA==
  dependencies:
    "@babel/types" "^7.10.2"
    jsesc "^2.5.1"
    lodash "^4.17.13"
    source-map "^0.5.0"

"@babel/helper-validator-identifier@^7.10.1":
  version "7.10.1"
  resolved "https://registry.yarnpkg.com/@babel/helper-validator-identifier/-/helper-validator-identifier-7.10.1.tgz#5770b0c1a826c4f53f5ede5e153163e0318e94b5"
  integrity sha512-5vW/JXLALhczRCWP0PnFDMCJAchlBvM7f4uk/jXritBnIa6E1KmqmtrS3yn1LAnxFBypQ3eneLuXjsnfQsgILw==

"@babel/parser@^7.10.2":
  version "7.10.2"
  resolved "https://registry.yarnpkg.com/@babel/parser/-/parser-7.10.2.tgz#871807f10442b92ff97e4783b9b54f6a0ca812d0"
  integrity sha512-PApSXlNMJyB4JiGVhCOlzKIif+TKFTvu0aQAhnTvfP/z3vVSN6ZypH5bfUNwFXXjRQtUEBNFd2PtmCmG2Py3qQ==

"@babel/types@^7.0.0", "@babel/types@^7.10.2":
  version "7.10.2"
  resolved "https://registry.yarnpkg.com/@babel/types/-/types-7.10.2.tgz#30283be31cad0dbf6fb00bd40641ca0ea675172d"
  integrity sha512-AD3AwWBSz0AWF0AkCN9VPiWrvldXq+/e3cHa4J89vo4ymjz1XwrBFFVZmkJTsQIPNk+ZVomPSXUJqq8yyjZsng==
  dependencies:
    "@babel/helper-validator-identifier" "^7.10.1"
    lodash "^4.17.13"
    to-fast-properties "^2.0.0"

"@types/babel__generator@^7.6.1":
  version "7.6.1"
  resolved "https://registry.yarnpkg.com/@types/babel__generator/-/babel__generator-7.6.1.tgz#4901767b397e8711aeb99df8d396d7ba7b7f0e04"
  integrity sha512-bBKm+2VPJcMRVwNhxKu8W+5/zT7pwNEqeokFOmbvVSqGzFneNxYcEBro9Ac7/N9tlsaPYnZLK8J1LWKkMsLAew==
  dependencies:
    "@babel/types" "^7.0.0"

jsesc@^2.5.1:
  version "2.5.2"
  resolved "https://registry.yarnpkg.com/jsesc/-/jsesc-2.5.2.tgz#80564d2e483dacf6e8ef209650a67df3f0c283a4"
  integrity sha512-OYu7XEzjkCQ3C5Ps3QIZsQfNpqoJyZZA99wd9aWd05NCtC5pWOkShK2mkL6HXQR6/Cy2lbNdPlZBpuQHXE63gA==

lodash@^4.17.13:
  version "4.17.15"
  resolved "https://registry.yarnpkg.com/lodash/-/lodash-4.17.15.tgz#b447f6670a0455bbfeedd11392eff330ea097548"
  integrity sha512-8xOcRHvCjnocdS5cpwXQXVzmmh5e5+saE2QGoeQmbKmRS6J3VQppPOIt0MnmE+4xlZoumy0GPG0D0MVIQbNA1A==

source-map@^0.5.0:
  version "0.5.7"
  resolved "https://registry.yarnpkg.com/source-map/-/source-map-0.5.7.tgz#8a039d2d1021d22d1ea14c80d8ea468ba2ef3fcc"
  integrity sha1-igOdLRAh0i0eoUyA2OpGi6LvP8w=

to-fast-properties@^2.0.0:
  version "2.0.0"
  resolved "https://registry.yarnpkg.com/to-fast-properties/-/to-fast-properties-2.0.0.tgz#dc5e698cbd079265bc73e0377681a4e4e83f616e"
  integrity sha1-3F5pjL0HkmW8c+A3doGk5Og/YW4=

typescript@^3.9.5:
  version "3.9.5"
  resolved "https://registry.yarnpkg.com/typescript/-/typescript-3.9.5.tgz#586f0dba300cde8be52dd1ac4f7e1009c1b13f36"
  integrity sha512-hSAifV3k+i6lEoCJ2k6R2Z/rp/H3+8sdmcn5NrS3/3kE7+RyZXm9aqvxWqjEXHAd8b0pShatpcdMTvEdvAJltQ==
